
Microsoft Visual Studio Solution File, Format Version 12.00
# Visual Studio Version 16
VisualStudioVersion = 16.0.31025.218
MinimumVisualStudioVersion = 15.0.26124.0
Project("{9A19103F-16F7-4668-BE54-9A1E7A4F7556}") = "Demo.ConsoleApp", "Demo.App\Demo.ConsoleApp.csproj", "{C1B557BF-358F-4732-95C7-3C3845D1081C}"
EndProject
Global
	GlobalSection(SolutionConfigurationPlatforms) = preSolution
		Debug|Any CPU = Debug|Any CPU
		Debug|x64 = Debug|x64
		Debug|x86 = Debug|x86
		Release|Any CPU = Release|Any CPU
		Release|x64 = Release|x64
		Release|x86 = Release|x86
	EndGlobalSection
	GlobalSection(ProjectConfigurationPlatforms) = postSolution
		{C1B557BF-358F-4732-95C7-3C3845D1081C}.Debug|Any CPU.ActiveCfg = Debug|Any CPU
		{C1B557BF-358F-4732-95C7-3C3845D1081C}.Debug|Any CPU.Build.0 = Debug|Any CPU
		{C1B557BF-358F-4732-95C7-3C3845D1081C}.Debug|x64.ActiveCfg = Debug|Any CPU
		{C1B557BF-358F-4732-95C7-3C3845D1081C}.Debug|x64.Build.0 = Debug|Any CPU
		{C1B557BF-358F-4732-95C7-3C3845D1081C}.Debug|x86.ActiveCfg = Debug|Any CPU
		{C1B557BF-358F-4732-95C7-3C3845D1081C}.Debug|x86.Build.0 = Debug|Any CPU
		{C1B557BF-358F-4732-95C7-3C3845D1081C}.Release|Any CPU.ActiveCfg = Release|Any CPU
		{C1B557BF-358F-4732-95C7-3C3845D1081C}.Release|Any CPU.Build.0 = Release|Any CPU
		{C1B557BF-358F-4732-95C7-3C3845D1081C}.Release|x64.ActiveCfg = Release|Any CPU
		{C1B557BF-358F-4732-95C7-3C3845D1081C}.Release|x64.Build.0 = Release|Any CPU
		{C1B557BF-358F-4732-95C7-3C3845D1081C}.Release|x86.ActiveCfg = Release|Any CPU
		{C1B557BF-358F-4732-95C7-3C3845D1081C}.Release|x86.Build.0 = Release|Any CPU
	EndGlobalSection
	GlobalSection(SolutionProperties) = preSolution
		HideSolutionNode = FALSE
	EndGlobalSection
	GlobalSection(ExtensibilityGlobals) = postSolution
		SolutionGuid = {FEF938E7-E019-4202-B437-9579F6A46444}
	EndGlobalSection
EndGlobal
