
Microsoft Visual Studio Solution File, Format Version 12.00
# Visual Studio Version 16
VisualStudioVersion = 16.0.31112.23
MinimumVisualStudioVersion = 15.0.26124.0
Project("{FAE04EC0-301F-11D3-BF4B-00C04F79EFBC}") = "CsvSplitDemo", "CsvSplitDemo\CsvSplitDemo.csproj", "{84D22803-2D4F-4EB2-8AE8-80A6FBE843DD}"
EndProject
Global
	GlobalSection(SolutionConfigurationPlatforms) = preSolution
		Debug|Any CPU = Debug|Any CPU
		Debug|x64 = Debug|x64
		Debug|x86 = Debug|x86
		Release|Any CPU = Release|Any CPU
		Release|x64 = Release|x64
		Release|x86 = Release|x86
	EndGlobalSection
	GlobalSection(ProjectConfigurationPlatforms) = postSolution
		{84D22803-2D4F-4EB2-8AE8-80A6FBE843DD}.Debug|Any CPU.ActiveCfg = Debug|Any CPU
		{84D22803-2D4F-4EB2-8AE8-80A6FBE843DD}.Debug|Any CPU.Build.0 = Debug|Any CPU
		{84D22803-2D4F-4EB2-8AE8-80A6FBE843DD}.Debug|x64.ActiveCfg = Debug|Any CPU
		{84D22803-2D4F-4EB2-8AE8-80A6FBE843DD}.Debug|x64.Build.0 = Debug|Any CPU
		{84D22803-2D4F-4EB2-8AE8-80A6FBE843DD}.Debug|x86.ActiveCfg = Debug|Any CPU
		{84D22803-2D4F-4EB2-8AE8-80A6FBE843DD}.Debug|x86.Build.0 = Debug|Any CPU
		{84D22803-2D4F-4EB2-8AE8-80A6FBE843DD}.Release|Any CPU.ActiveCfg = Release|Any CPU
		{84D22803-2D4F-4EB2-8AE8-80A6FBE843DD}.Release|Any CPU.Build.0 = Release|Any CPU
		{84D22803-2D4F-4EB2-8AE8-80A6FBE843DD}.Release|x64.ActiveCfg = Release|Any CPU
		{84D22803-2D4F-4EB2-8AE8-80A6FBE843DD}.Release|x64.Build.0 = Release|Any CPU
		{84D22803-2D4F-4EB2-8AE8-80A6FBE843DD}.Release|x86.ActiveCfg = Release|Any CPU
		{84D22803-2D4F-4EB2-8AE8-80A6FBE843DD}.Release|x86.Build.0 = Release|Any CPU
	EndGlobalSection
	GlobalSection(SolutionProperties) = preSolution
		HideSolutionNode = FALSE
	EndGlobalSection
	GlobalSection(ExtensibilityGlobals) = postSolution
		SolutionGuid = {EE2FB715-1C21-4BA4-9DCD-DA92E7A2CF7B}
	EndGlobalSection
EndGlobal
